
Microsoft Visual Studio Solution File, Format Version 12.00
# Visual Studio Version 16
VisualStudioVersion = 16.0.32228.343
MinimumVisualStudioVersion = 10.0.40219.1
Project("{FAE04EC0-301F-11D3-BF4B-00C04F79EFBC}") = "assignment01_five_nandini", "assignment01_five_nandini\assignment01_five_nandini.csproj", "{BCB9B254-A08F-4331-A23D-A4D838625720}"
EndProject
Global
	GlobalSection(SolutionConfigurationPlatforms) = preSolution
		Debug|Any CPU = Debug|Any CPU
		Release|Any CPU = Release|Any CPU
	EndGlobalSection
	GlobalSection(ProjectConfigurationPlatforms) = postSolution
		{BCB9B254-A08F-4331-A23D-A4D838625720}.Debug|Any CPU.ActiveCfg = Debug|Any CPU
		{BCB9B254-A08F-4331-A23D-A4D838625720}.Debug|Any CPU.Build.0 = Debug|Any CPU
		{BCB9B254-A08F-4331-A23D-A4D838625720}.Release|Any CPU.ActiveCfg = Release|Any CPU
		{BCB9B254-A08F-4331-A23D-A4D838625720}.Release|Any CPU.Build.0 = Release|Any CPU
	EndGlobalSection
	GlobalSection(SolutionProperties) = preSolution
		HideSolutionNode = FALSE
	EndGlobalSection
	GlobalSection(ExtensibilityGlobals) = postSolution
		SolutionGuid = {88416B6F-BEB7-42A6-BBDB-6133EE8661BE}
	EndGlobalSection
EndGlobal
